// !$*UTF8*$!
{
	archiveVersion = 1;
	classes = {
	};
	objectVersion = 46;
	objects = {

/* Begin PBXBuildFile section */
		005AA64B1521F04B00E67C10 /* NUResponseSetTest.m in Sources */ = {isa = PBXBuildFile; fileRef = 006CE3B815214DB400DD32A2 /* NUResponseSetTest.m */; };
		005AA64C1521F04B00E67C10 /* NUResponseTest.m in Sources */ = {isa = PBXBuildFile; fileRef = 005AA6491521676300E67C10 /* NUResponseTest.m */; };
		005AA64F152208DE00E67C10 /* NUResponse.h in Headers */ = {isa = PBXBuildFile; fileRef = 005AA64D152208DE00E67C10 /* NUResponse.h */; settings = {ATTRIBUTES = (Public, ); }; };
		005AA650152208DE00E67C10 /* NUResponse.m in Sources */ = {isa = PBXBuildFile; fileRef = 005AA64E152208DE00E67C10 /* NUResponse.m */; };
		0083A90C14F746F5005C1D94 /* NUConstants.h in Headers */ = {isa = PBXBuildFile; fileRef = 0083A90B14F746F5005C1D94 /* NUConstants.h */; };
		008AE62715224CE000F4F14C /* NUDatabaseTest.m in Sources */ = {isa = PBXBuildFile; fileRef = 008AE62615224CE000F4F14C /* NUDatabaseTest.m */; };
		00C8457F152263DF003B9213 /* NSDateFormatter+Additions.h in Headers */ = {isa = PBXBuildFile; fileRef = 00C8457D152263DF003B9213 /* NSDateFormatter+Additions.h */; settings = {ATTRIBUTES = (Public, ); }; };
		00C84580152263DF003B9213 /* NSDateFormatter+Additions.m in Sources */ = {isa = PBXBuildFile; fileRef = 00C8457E152263DF003B9213 /* NSDateFormatter+Additions.m */; };
		3B24DED514EEEA8400E7D04C /* basic_survey.feature in Resources */ = {isa = PBXBuildFile; fileRef = 3B24DED414EEEA8400E7D04C /* basic_survey.feature */; };
		3B24DED714EEEABF00E7D04C /* response_set_steps.rb in Resources */ = {isa = PBXBuildFile; fileRef = 3B24DED614EEEABF00E7D04C /* response_set_steps.rb */; };
		3B2AB06E1522429E00525F25 /* NUOneStringOrNumberCell.h in Headers */ = {isa = PBXBuildFile; fileRef = 3B2AB06C1522429E00525F25 /* NUOneStringOrNumberCell.h */; };
		3B2AB06F1522429E00525F25 /* NUOneStringOrNumberCell.m in Sources */ = {isa = PBXBuildFile; fileRef = 3B2AB06D1522429E00525F25 /* NUOneStringOrNumberCell.m */; };
		3B2AB0721522483E00525F25 /* NUOneDatePickerCell.h in Headers */ = {isa = PBXBuildFile; fileRef = 3B2AB0701522483E00525F25 /* NUOneDatePickerCell.h */; };
		3B2AB0731522483E00525F25 /* NUOneDatePickerCell.m in Sources */ = {isa = PBXBuildFile; fileRef = 3B2AB0711522483E00525F25 /* NUOneDatePickerCell.m */; };
		3B44F2DE1524C4E60060B41F /* JSONKit.h in Headers */ = {isa = PBXBuildFile; fileRef = 3B44F2DC1524C4E60060B41F /* JSONKit.h */; };
		3B44F2DF1524C4E60060B41F /* JSONKit.m in Sources */ = {isa = PBXBuildFile; fileRef = 3B44F2DD1524C4E60060B41F /* JSONKit.m */; settings = {COMPILER_FLAGS = "-fno-objc-arc"; }; };
		3B8CF201151B91C600EA4148 /* test-birth-date-survey.json in Resources */ = {isa = PBXBuildFile; fileRef = 3B8CF200151B91C600EA4148 /* test-birth-date-survey.json */; };
		3BA2E94A14CDCD0F0057D05C /* NUSurvey.h in Headers */ = {isa = PBXBuildFile; fileRef = 3BA2E94814CDCD0F0057D05C /* NUSurvey.h */; };
		3BA2E94B14CDCD0F0057D05C /* NUSurvey.m in Sources */ = {isa = PBXBuildFile; fileRef = 3BA2E94914CDCD0F0057D05C /* NUSurvey.m */; };
		3BC61A7E1520CBDB00A8C20C /* NUAnyStringOrNumberCell.h in Headers */ = {isa = PBXBuildFile; fileRef = 3BC61A7C1520CBDB00A8C20C /* NUAnyStringOrNumberCell.h */; };
		3BC61A7F1520CBDB00A8C20C /* NUAnyStringOrNumberCell.m in Sources */ = {isa = PBXBuildFile; fileRef = 3BC61A7D1520CBDB00A8C20C /* NUAnyStringOrNumberCell.m */; };
		3BC61A841520F75000A8C20C /* NUAnyDatePickerCell.h in Headers */ = {isa = PBXBuildFile; fileRef = 3BC61A821520F74F00A8C20C /* NUAnyDatePickerCell.h */; };
		3BC61A851520F75000A8C20C /* NUAnyDatePickerCell.m in Sources */ = {isa = PBXBuildFile; fileRef = 3BC61A831520F75000A8C20C /* NUAnyDatePickerCell.m */; };
		3BC61A8C15210AB400A8C20C /* NUSpyVC.m in Sources */ = {isa = PBXBuildFile; fileRef = 3BC61A8B15210AB400A8C20C /* NUSpyVC.m */; };
		3BC61A8D15210AB400A8C20C /* NUSpyVC.m in Sources */ = {isa = PBXBuildFile; fileRef = 3BC61A8B15210AB400A8C20C /* NUSpyVC.m */; };
		3BC61A9415211EC900A8C20C /* complex-responses.json in Resources */ = {isa = PBXBuildFile; fileRef = 3BC61A9315211EC900A8C20C /* complex-responses.json */; };
		3BC61A9515211EC900A8C20C /* complex-responses.json in Resources */ = {isa = PBXBuildFile; fileRef = 3BC61A9315211EC900A8C20C /* complex-responses.json */; };
		3BC61A9715211EF000A8C20C /* complex_responses.feature in Resources */ = {isa = PBXBuildFile; fileRef = 3BC61A9615211EF000A8C20C /* complex_responses.feature */; };
		3BC61A9815211EF000A8C20C /* complex_responses.feature in Resources */ = {isa = PBXBuildFile; fileRef = 3BC61A9615211EF000A8C20C /* complex_responses.feature */; };
		3BD52AA514C8B43500AB61E8 /* Foundation.framework in Frameworks */ = {isa = PBXBuildFile; fileRef = 3BD52AA414C8B43500AB61E8 /* Foundation.framework */; };
		3BD52AAB14C8B43500AB61E8 /* NUSurveyor.m in Sources */ = {isa = PBXBuildFile; fileRef = 3BD52AAA14C8B43500AB61E8 /* NUSurveyor.m */; };
		3BD52AB314C8B43500AB61E8 /* SenTestingKit.framework in Frameworks */ = {isa = PBXBuildFile; fileRef = 3BD52AB214C8B43500AB61E8 /* SenTestingKit.framework */; };
		3BD52AB614C8B43500AB61E8 /* Foundation.framework in Frameworks */ = {isa = PBXBuildFile; fileRef = 3BD52AA414C8B43500AB61E8 /* Foundation.framework */; };
		3BD52AB914C8B43500AB61E8 /* libNUSurveyor.a in Frameworks */ = {isa = PBXBuildFile; fileRef = 3BD52AA114C8B43500AB61E8 /* libNUSurveyor.a */; };
		3BD52ABF14C8B43500AB61E8 /* InfoPlist.strings in Resources */ = {isa = PBXBuildFile; fileRef = 3BD52ABD14C8B43500AB61E8 /* InfoPlist.strings */; };
		3BD52AC214C8B43500AB61E8 /* NUSurveyorTests.m in Sources */ = {isa = PBXBuildFile; fileRef = 3BD52AC114C8B43500AB61E8 /* NUSurveyorTests.m */; };
		3BD52AD014C8B5A200AB61E8 /* NUSurveyTVC.h in Headers */ = {isa = PBXBuildFile; fileRef = 3BD52ACE14C8B5A200AB61E8 /* NUSurveyTVC.h */; settings = {ATTRIBUTES = (Public, ); }; };
		3BD52AD114C8B5A200AB61E8 /* NUSurveyTVC.m in Sources */ = {isa = PBXBuildFile; fileRef = 3BD52ACF14C8B5A200AB61E8 /* NUSurveyTVC.m */; };
		3BD52AD514C8B5B600AB61E8 /* NUSectionTVC.h in Headers */ = {isa = PBXBuildFile; fileRef = 3BD52AD314C8B5B600AB61E8 /* NUSectionTVC.h */; settings = {ATTRIBUTES = (Public, ); }; };
		3BD52AD614C8B5B600AB61E8 /* NUSectionTVC.m in Sources */ = {isa = PBXBuildFile; fileRef = 3BD52AD414C8B5B600AB61E8 /* NUSectionTVC.m */; };
		3BD52ADA14C8B5FE00AB61E8 /* UUID.h in Headers */ = {isa = PBXBuildFile; fileRef = 3BD52AD814C8B5FE00AB61E8 /* UUID.h */; settings = {ATTRIBUTES = (Public, ); }; };
		3BD52ADB14C8B5FE00AB61E8 /* UUID.m in Sources */ = {isa = PBXBuildFile; fileRef = 3BD52AD914C8B5FE00AB61E8 /* UUID.m */; };
		3BD52ADF14C8B62600AB61E8 /* NUPickerVC.h in Headers */ = {isa = PBXBuildFile; fileRef = 3BD52ADD14C8B62600AB61E8 /* NUPickerVC.h */; settings = {ATTRIBUTES = (Public, ); }; };
		3BD52AE014C8B62600AB61E8 /* NUPickerVC.m in Sources */ = {isa = PBXBuildFile; fileRef = 3BD52ADE14C8B62600AB61E8 /* NUPickerVC.m */; };
		3BD52AE414C8B65400AB61E8 /* NUResponseSet.h in Headers */ = {isa = PBXBuildFile; fileRef = 3BD52AE214C8B65400AB61E8 /* NUResponseSet.h */; settings = {ATTRIBUTES = (Public, ); }; };
		3BD52AE514C8B65400AB61E8 /* NUResponseSet.m in Sources */ = {isa = PBXBuildFile; fileRef = 3BD52AE314C8B65400AB61E8 /* NUResponseSet.m */; };
		3BD52AE914C8B6A400AB61E8 /* NUAnyCell.h in Headers */ = {isa = PBXBuildFile; fileRef = 3BD52AE714C8B6A400AB61E8 /* NUAnyCell.h */; settings = {ATTRIBUTES = (Public, ); }; };
		3BD52AEA14C8B6A400AB61E8 /* NUAnyCell.m in Sources */ = {isa = PBXBuildFile; fileRef = 3BD52AE814C8B6A400AB61E8 /* NUAnyCell.m */; };
		3BD52AEE14C8B6B900AB61E8 /* NUDatePickerCell.h in Headers */ = {isa = PBXBuildFile; fileRef = 3BD52AEC14C8B6B900AB61E8 /* NUDatePickerCell.h */; settings = {ATTRIBUTES = (Public, ); }; };
		3BD52AEF14C8B6B900AB61E8 /* NUDatePickerCell.m in Sources */ = {isa = PBXBuildFile; fileRef = 3BD52AED14C8B6B900AB61E8 /* NUDatePickerCell.m */; };
		3BD52AFD14C8B6E900AB61E8 /* NUNoneCell.h in Headers */ = {isa = PBXBuildFile; fileRef = 3BD52AFB14C8B6E800AB61E8 /* NUNoneCell.h */; settings = {ATTRIBUTES = (Public, ); }; };
		3BD52AFE14C8B6E900AB61E8 /* NUNoneCell.m in Sources */ = {isa = PBXBuildFile; fileRef = 3BD52AFC14C8B6E800AB61E8 /* NUNoneCell.m */; };
		3BD52B0214C8B6F700AB61E8 /* NUNoneTextCell.h in Headers */ = {isa = PBXBuildFile; fileRef = 3BD52B0014C8B6F600AB61E8 /* NUNoneTextCell.h */; settings = {ATTRIBUTES = (Public, ); }; };
		3BD52B0314C8B6F700AB61E8 /* NUNoneTextCell.m in Sources */ = {isa = PBXBuildFile; fileRef = 3BD52B0114C8B6F600AB61E8 /* NUNoneTextCell.m */; };
		3BD52B0714C8B70500AB61E8 /* NUOneCell.h in Headers */ = {isa = PBXBuildFile; fileRef = 3BD52B0514C8B70500AB61E8 /* NUOneCell.h */; settings = {ATTRIBUTES = (Public, ); }; };
		3BD52B0814C8B70500AB61E8 /* NUOneCell.m in Sources */ = {isa = PBXBuildFile; fileRef = 3BD52B0614C8B70500AB61E8 /* NUOneCell.m */; };
		3BD52B1114C8B74800AB61E8 /* NUButton.h in Headers */ = {isa = PBXBuildFile; fileRef = 3BD52B0F14C8B74800AB61E8 /* NUButton.h */; settings = {ATTRIBUTES = (Public, ); }; };
		3BD52B1214C8B74800AB61E8 /* NUButton.m in Sources */ = {isa = PBXBuildFile; fileRef = 3BD52B1014C8B74800AB61E8 /* NUButton.m */; };
		3BD52B1614C8B76E00AB61E8 /* NUPickerCell.h in Headers */ = {isa = PBXBuildFile; fileRef = 3BD52B1414C8B76E00AB61E8 /* NUPickerCell.h */; settings = {ATTRIBUTES = (Public, ); }; };
		3BD52B1714C8B76E00AB61E8 /* NUPickerCell.m in Sources */ = {isa = PBXBuildFile; fileRef = 3BD52B1514C8B76E00AB61E8 /* NUPickerCell.m */; };
		3BD52B1B14C8B7A200AB61E8 /* NUMultiButton.h in Headers */ = {isa = PBXBuildFile; fileRef = 3BD52B1914C8B7A200AB61E8 /* NUMultiButton.h */; settings = {ATTRIBUTES = (Public, ); }; };
		3BD52B1C14C8B7A200AB61E8 /* NUMultiButton.m in Sources */ = {isa = PBXBuildFile; fileRef = 3BD52B1A14C8B7A200AB61E8 /* NUMultiButton.m */; };
		3BD52B2514C8B7EF00AB61E8 /* UILabel+NUResize.h in Headers */ = {isa = PBXBuildFile; fileRef = 3BD52B2314C8B7EF00AB61E8 /* UILabel+NUResize.h */; settings = {ATTRIBUTES = (Public, ); }; };
		3BD52B2614C8B7EF00AB61E8 /* UILabel+NUResize.m in Sources */ = {isa = PBXBuildFile; fileRef = 3BD52B2414C8B7EF00AB61E8 /* UILabel+NUResize.m */; };
		3BE8673014CDF145002D04BD /* QuartzCore.framework in Frameworks */ = {isa = PBXBuildFile; fileRef = 3BE8672F14CDF145002D04BD /* QuartzCore.framework */; };
		671F3C9614C9C36D00CEE042 /* UIKit.framework in Frameworks */ = {isa = PBXBuildFile; fileRef = 671F3C9514C9C36D00CEE042 /* UIKit.framework */; };
		671F3C9914C9C37500CEE042 /* CoreData.framework in Frameworks */ = {isa = PBXBuildFile; fileRef = 671F3C9814C9C37500CEE042 /* CoreData.framework */; };
		671F3C9B14C9C38100CEE042 /* CoreGraphics.framework in Frameworks */ = {isa = PBXBuildFile; fileRef = 671F3C9A14C9C38100CEE042 /* CoreGraphics.framework */; };
		671F3E8914CA318100CEE042 /* NUCell.h in Headers */ = {isa = PBXBuildFile; fileRef = 671F3E8814CA318100CEE042 /* NUCell.h */; settings = {ATTRIBUTES = (Public, ); }; };
		67DB495C14D07203009CC8C3 /* CoreData.framework in Frameworks */ = {isa = PBXBuildFile; fileRef = 671F3C9814C9C37500CEE042 /* CoreData.framework */; };
		67DB495D14D07207009CC8C3 /* CoreGraphics.framework in Frameworks */ = {isa = PBXBuildFile; fileRef = 671F3C9A14C9C38100CEE042 /* CoreGraphics.framework */; };
		67DB495E14D07210009CC8C3 /* QuartzCore.framework in Frameworks */ = {isa = PBXBuildFile; fileRef = 3BE8672F14CDF145002D04BD /* QuartzCore.framework */; };
		67DB495F14D07217009CC8C3 /* UIKit.framework in Frameworks */ = {isa = PBXBuildFile; fileRef = 671F3C9514C9C36D00CEE042 /* UIKit.framework */; };
		67DB496F14D07E6C009CC8C3 /* kitchen-sink-survey.json in Resources */ = {isa = PBXBuildFile; fileRef = 67DB496E14D07E6C009CC8C3 /* kitchen-sink-survey.json */; };
		67DB497114D080AC009CC8C3 /* test-dependency-survey.json in Resources */ = {isa = PBXBuildFile; fileRef = 67DB497014D080AC009CC8C3 /* test-dependency-survey.json */; };
		67DB499314D085CA009CC8C3 /* NUSurveyor.xcdatamodel in Sources */ = {isa = PBXBuildFile; fileRef = 67DB499214D085CA009CC8C3 /* NUSurveyor.xcdatamodel */; };
		67DB499814D0933E009CC8C3 /* NUGridAnyCell.h in Headers */ = {isa = PBXBuildFile; fileRef = 67DB499414D0933E009CC8C3 /* NUGridAnyCell.h */; settings = {ATTRIBUTES = (Public, ); }; };
		67DB499914D0933E009CC8C3 /* NUGridAnyCell.m in Sources */ = {isa = PBXBuildFile; fileRef = 67DB499514D0933E009CC8C3 /* NUGridAnyCell.m */; };
		67DB499A14D0933E009CC8C3 /* NUGridOneCell.h in Headers */ = {isa = PBXBuildFile; fileRef = 67DB499614D0933E009CC8C3 /* NUGridOneCell.h */; settings = {ATTRIBUTES = (Public, ); }; };
		67DB499B14D0933E009CC8C3 /* NUGridOneCell.m in Sources */ = {isa = PBXBuildFile; fileRef = 67DB499714D0933E009CC8C3 /* NUGridOneCell.m */; };
		67DB49A714D09454009CC8C3 /* UIKit.framework in Frameworks */ = {isa = PBXBuildFile; fileRef = 671F3C9514C9C36D00CEE042 /* UIKit.framework */; };
		67DB49A814D09454009CC8C3 /* Foundation.framework in Frameworks */ = {isa = PBXBuildFile; fileRef = 3BD52AA414C8B43500AB61E8 /* Foundation.framework */; };
		67DB49A914D09454009CC8C3 /* CoreGraphics.framework in Frameworks */ = {isa = PBXBuildFile; fileRef = 671F3C9A14C9C38100CEE042 /* CoreGraphics.framework */; };
		67DB49AA14D09454009CC8C3 /* CoreData.framework in Frameworks */ = {isa = PBXBuildFile; fileRef = 671F3C9814C9C37500CEE042 /* CoreData.framework */; };
		67DB49B014D09454009CC8C3 /* InfoPlist.strings in Resources */ = {isa = PBXBuildFile; fileRef = 67DB49AE14D09454009CC8C3 /* InfoPlist.strings */; };
		67DB49B214D09454009CC8C3 /* main.m in Sources */ = {isa = PBXBuildFile; fileRef = 67DB49B114D09454009CC8C3 /* main.m */; };
		67DB49B614D09454009CC8C3 /* NUAppDelegate.m in Sources */ = {isa = PBXBuildFile; fileRef = 67DB49B514D09454009CC8C3 /* NUAppDelegate.m */; };
		67DB49D014D094F2009CC8C3 /* kitchen-sink-survey.json in Resources */ = {isa = PBXBuildFile; fileRef = 67DB49CF14D094F2009CC8C3 /* kitchen-sink-survey.json */; };
		67DB49D114D0952E009CC8C3 /* libNUSurveyor.a in Frameworks */ = {isa = PBXBuildFile; fileRef = 3BD52AA114C8B43500AB61E8 /* libNUSurveyor.a */; };
		67DB49D214D0953A009CC8C3 /* QuartzCore.framework in Frameworks */ = {isa = PBXBuildFile; fileRef = 3BE8672F14CDF145002D04BD /* QuartzCore.framework */; };
		67DB49D414D09583009CC8C3 /* NUSurveyorExample.xcdatamodel in Sources */ = {isa = PBXBuildFile; fileRef = 67DB49D314D09583009CC8C3 /* NUSurveyorExample.xcdatamodel */; };
		67DB49F314D09E8C009CC8C3 /* main.m in Sources */ = {isa = PBXBuildFile; fileRef = 67DB49B114D09454009CC8C3 /* main.m */; };
		67DB49F414D09E8C009CC8C3 /* NUAppDelegate.m in Sources */ = {isa = PBXBuildFile; fileRef = 67DB49B514D09454009CC8C3 /* NUAppDelegate.m */; };
		67DB49F514D09E8C009CC8C3 /* NUSurveyorExample.xcdatamodel in Sources */ = {isa = PBXBuildFile; fileRef = 67DB49D314D09583009CC8C3 /* NUSurveyorExample.xcdatamodel */; };
		67DB49F714D09E8C009CC8C3 /* libNUSurveyor.a in Frameworks */ = {isa = PBXBuildFile; fileRef = 3BD52AA114C8B43500AB61E8 /* libNUSurveyor.a */; };
		67DB49F814D09E8C009CC8C3 /* QuartzCore.framework in Frameworks */ = {isa = PBXBuildFile; fileRef = 3BE8672F14CDF145002D04BD /* QuartzCore.framework */; };
		67DB49F914D09E8C009CC8C3 /* UIKit.framework in Frameworks */ = {isa = PBXBuildFile; fileRef = 671F3C9514C9C36D00CEE042 /* UIKit.framework */; };
		67DB49FA14D09E8C009CC8C3 /* Foundation.framework in Frameworks */ = {isa = PBXBuildFile; fileRef = 3BD52AA414C8B43500AB61E8 /* Foundation.framework */; };
		67DB49FB14D09E8C009CC8C3 /* CoreGraphics.framework in Frameworks */ = {isa = PBXBuildFile; fileRef = 671F3C9A14C9C38100CEE042 /* CoreGraphics.framework */; };
		67DB49FC14D09E8C009CC8C3 /* CoreData.framework in Frameworks */ = {isa = PBXBuildFile; fileRef = 671F3C9814C9C37500CEE042 /* CoreData.framework */; };
		67DB49FE14D09E8C009CC8C3 /* InfoPlist.strings in Resources */ = {isa = PBXBuildFile; fileRef = 67DB49AE14D09454009CC8C3 /* InfoPlist.strings */; };
		67DB49FF14D09E8C009CC8C3 /* kitchen-sink-survey.json in Resources */ = {isa = PBXBuildFile; fileRef = 67DB49CF14D094F2009CC8C3 /* kitchen-sink-survey.json */; };
		67DB4A1014D09EB6009CC8C3 /* my_first.feature in Resources */ = {isa = PBXBuildFile; fileRef = 67DB4A0814D09EB6009CC8C3 /* my_first.feature */; };
		67DB4A1114D09EB6009CC8C3 /* launch_steps.rb in Resources */ = {isa = PBXBuildFile; fileRef = 67DB4A0A14D09EB6009CC8C3 /* launch_steps.rb */; };
		67DB4A1214D09EB6009CC8C3 /* env.rb in Resources */ = {isa = PBXBuildFile; fileRef = 67DB4A0C14D09EB6009CC8C3 /* env.rb */; };
		67DB4A1314D09EB6009CC8C3 /* frank_static_resources.bundle in Resources */ = {isa = PBXBuildFile; fileRef = 67DB4A0D14D09EB6009CC8C3 /* frank_static_resources.bundle */; };
		67DB4A1414D09EB6009CC8C3 /* libFrank.a in Frameworks */ = {isa = PBXBuildFile; fileRef = 67DB4A0E14D09EB6009CC8C3 /* libFrank.a */; };
		67DB4A1514D09EB6009CC8C3 /* libShelley.a in Frameworks */ = {isa = PBXBuildFile; fileRef = 67DB4A0F14D09EB6009CC8C3 /* libShelley.a */; };
		67DB4A1714D09ED0009CC8C3 /* CFNetwork.framework in Frameworks */ = {isa = PBXBuildFile; fileRef = 67DB4A1614D09ED0009CC8C3 /* CFNetwork.framework */; };
/* End PBXBuildFile section */

/* Begin PBXContainerItemProxy section */
		3BD52AB714C8B43500AB61E8 /* PBXContainerItemProxy */ = {
			isa = PBXContainerItemProxy;
			containerPortal = 3BD52A9814C8B43400AB61E8 /* Project object */;
			proxyType = 1;
			remoteGlobalIDString = 3BD52AA014C8B43500AB61E8;
			remoteInfo = NUSurveyor;
		};
/* End PBXContainerItemProxy section */

/* Begin PBXFileReference section */
		005AA6481521676300E67C10 /* NUResponseTest.h */ = {isa = PBXFileReference; fileEncoding = 4; lastKnownFileType = sourcecode.c.h; path = NUResponseTest.h; sourceTree = "<group>"; };
		005AA6491521676300E67C10 /* NUResponseTest.m */ = {isa = PBXFileReference; fileEncoding = 4; lastKnownFileType = sourcecode.c.objc; path = NUResponseTest.m; sourceTree = "<group>"; };
		005AA64D152208DE00E67C10 /* NUResponse.h */ = {isa = PBXFileReference; fileEncoding = 4; lastKnownFileType = sourcecode.c.h; name = NUResponse.h; path = Models/NUResponse.h; sourceTree = "<group>"; };
		005AA64E152208DE00E67C10 /* NUResponse.m */ = {isa = PBXFileReference; fileEncoding = 4; lastKnownFileType = sourcecode.c.objc; name = NUResponse.m; path = Models/NUResponse.m; sourceTree = "<group>"; };
		006CE3B715214DB400DD32A2 /* NUResponseSetTest.h */ = {isa = PBXFileReference; fileEncoding = 4; lastKnownFileType = sourcecode.c.h; path = NUResponseSetTest.h; sourceTree = "<group>"; };
		006CE3B815214DB400DD32A2 /* NUResponseSetTest.m */ = {isa = PBXFileReference; fileEncoding = 4; lastKnownFileType = sourcecode.c.objc; path = NUResponseSetTest.m; sourceTree = "<group>"; };
		0083A90B14F746F5005C1D94 /* NUConstants.h */ = {isa = PBXFileReference; fileEncoding = 4; lastKnownFileType = sourcecode.c.h; path = NUConstants.h; sourceTree = "<group>"; };
		008AE62515224CE000F4F14C /* NUDatabaseTest.h */ = {isa = PBXFileReference; fileEncoding = 4; indentWidth = 4; lastKnownFileType = sourcecode.c.h; path = NUDatabaseTest.h; sourceTree = "<group>"; tabWidth = 4; usesTabs = 0; wrapsLines = 1; };
		008AE62615224CE000F4F14C /* NUDatabaseTest.m */ = {isa = PBXFileReference; fileEncoding = 4; indentWidth = 4; lastKnownFileType = sourcecode.c.objc; path = NUDatabaseTest.m; sourceTree = "<group>"; tabWidth = 4; usesTabs = 0; wrapsLines = 1; };
		00C8457D152263DF003B9213 /* NSDateFormatter+Additions.h */ = {isa = PBXFileReference; fileEncoding = 4; lastKnownFileType = sourcecode.c.h; name = "NSDateFormatter+Additions.h"; path = "Models/NSDateFormatter+Additions.h"; sourceTree = "<group>"; };
		00C8457E152263DF003B9213 /* NSDateFormatter+Additions.m */ = {isa = PBXFileReference; fileEncoding = 4; lastKnownFileType = sourcecode.c.objc; name = "NSDateFormatter+Additions.m"; path = "Models/NSDateFormatter+Additions.m"; sourceTree = "<group>"; };
		3B08678E14FED8C100D43E02 /* group_dependency.feature */ = {isa = PBXFileReference; fileEncoding = 4; lastKnownFileType = text; path = group_dependency.feature; sourceTree = "<group>"; };
		3B24DED414EEEA8400E7D04C /* basic_survey.feature */ = {isa = PBXFileReference; fileEncoding = 4; lastKnownFileType = text; path = basic_survey.feature; sourceTree = "<group>"; };
		3B24DED614EEEABF00E7D04C /* response_set_steps.rb */ = {isa = PBXFileReference; fileEncoding = 4; lastKnownFileType = text.script.ruby; path = response_set_steps.rb; sourceTree = "<group>"; };
		3B2AB06C1522429E00525F25 /* NUOneStringOrNumberCell.h */ = {isa = PBXFileReference; fileEncoding = 4; lastKnownFileType = sourcecode.c.h; name = NUOneStringOrNumberCell.h; path = Views/NUOneStringOrNumberCell.h; sourceTree = "<group>"; };
		3B2AB06D1522429E00525F25 /* NUOneStringOrNumberCell.m */ = {isa = PBXFileReference; fileEncoding = 4; lastKnownFileType = sourcecode.c.objc; name = NUOneStringOrNumberCell.m; path = Views/NUOneStringOrNumberCell.m; sourceTree = "<group>"; };
		3B2AB0701522483E00525F25 /* NUOneDatePickerCell.h */ = {isa = PBXFileReference; fileEncoding = 4; lastKnownFileType = sourcecode.c.h; name = NUOneDatePickerCell.h; path = Views/NUOneDatePickerCell.h; sourceTree = "<group>"; };
		3B2AB0711522483E00525F25 /* NUOneDatePickerCell.m */ = {isa = PBXFileReference; fileEncoding = 4; lastKnownFileType = sourcecode.c.objc; name = NUOneDatePickerCell.m; path = Views/NUOneDatePickerCell.m; sourceTree = "<group>"; };
		3B44F2DC1524C4E60060B41F /* JSONKit.h */ = {isa = PBXFileReference; fileEncoding = 4; lastKnownFileType = sourcecode.c.h; path = JSONKit.h; sourceTree = "<group>"; };
		3B44F2DD1524C4E60060B41F /* JSONKit.m */ = {isa = PBXFileReference; fileEncoding = 4; lastKnownFileType = sourcecode.c.objc; path = JSONKit.m; sourceTree = "<group>"; };
		3B8CF200151B91C600EA4148 /* test-birth-date-survey.json */ = {isa = PBXFileReference; fileEncoding = 4; lastKnownFileType = text.json; path = "test-birth-date-survey.json"; sourceTree = "<group>"; };
		3BA2E94814CDCD0F0057D05C /* NUSurvey.h */ = {isa = PBXFileReference; fileEncoding = 4; lastKnownFileType = sourcecode.c.h; name = NUSurvey.h; path = Models/NUSurvey.h; sourceTree = "<group>"; };
		3BA2E94914CDCD0F0057D05C /* NUSurvey.m */ = {isa = PBXFileReference; fileEncoding = 4; lastKnownFileType = sourcecode.c.objc; name = NUSurvey.m; path = Models/NUSurvey.m; sourceTree = "<group>"; };
		3BC61A7C1520CBDB00A8C20C /* NUAnyStringOrNumberCell.h */ = {isa = PBXFileReference; fileEncoding = 4; lastKnownFileType = sourcecode.c.h; name = NUAnyStringOrNumberCell.h; path = Views/NUAnyStringOrNumberCell.h; sourceTree = "<group>"; };
		3BC61A7D1520CBDB00A8C20C /* NUAnyStringOrNumberCell.m */ = {isa = PBXFileReference; fileEncoding = 4; lastKnownFileType = sourcecode.c.objc; name = NUAnyStringOrNumberCell.m; path = Views/NUAnyStringOrNumberCell.m; sourceTree = "<group>"; };
		3BC61A821520F74F00A8C20C /* NUAnyDatePickerCell.h */ = {isa = PBXFileReference; fileEncoding = 4; lastKnownFileType = sourcecode.c.h; name = NUAnyDatePickerCell.h; path = Views/NUAnyDatePickerCell.h; sourceTree = "<group>"; };
		3BC61A831520F75000A8C20C /* NUAnyDatePickerCell.m */ = {isa = PBXFileReference; fileEncoding = 4; lastKnownFileType = sourcecode.c.objc; name = NUAnyDatePickerCell.m; path = Views/NUAnyDatePickerCell.m; sourceTree = "<group>"; };
		3BC61A8A15210AB400A8C20C /* NUSpyVC.h */ = {isa = PBXFileReference; fileEncoding = 4; lastKnownFileType = sourcecode.c.h; path = NUSpyVC.h; sourceTree = "<group>"; };
		3BC61A8B15210AB400A8C20C /* NUSpyVC.m */ = {isa = PBXFileReference; fileEncoding = 4; lastKnownFileType = sourcecode.c.objc; path = NUSpyVC.m; sourceTree = "<group>"; };
		3BC61A9315211EC900A8C20C /* complex-responses.json */ = {isa = PBXFileReference; fileEncoding = 4; lastKnownFileType = text.json; path = "complex-responses.json"; sourceTree = "<group>"; };
		3BC61A9615211EF000A8C20C /* complex_responses.feature */ = {isa = PBXFileReference; fileEncoding = 4; lastKnownFileType = text; path = complex_responses.feature; sourceTree = "<group>"; };
		3BD52AA114C8B43500AB61E8 /* libNUSurveyor.a */ = {isa = PBXFileReference; explicitFileType = archive.ar; includeInIndex = 0; path = libNUSurveyor.a; sourceTree = BUILT_PRODUCTS_DIR; };
		3BD52AA414C8B43500AB61E8 /* Foundation.framework */ = {isa = PBXFileReference; lastKnownFileType = wrapper.framework; name = Foundation.framework; path = System/Library/Frameworks/Foundation.framework; sourceTree = SDKROOT; };
		3BD52AA814C8B43500AB61E8 /* NUSurveyor-Prefix.pch */ = {isa = PBXFileReference; lastKnownFileType = sourcecode.c.h; path = "NUSurveyor-Prefix.pch"; sourceTree = "<group>"; };
		3BD52AA914C8B43500AB61E8 /* NUSurveyor.h */ = {isa = PBXFileReference; lastKnownFileType = sourcecode.c.h; path = NUSurveyor.h; sourceTree = "<group>"; };
		3BD52AAA14C8B43500AB61E8 /* NUSurveyor.m */ = {isa = PBXFileReference; lastKnownFileType = sourcecode.c.objc; path = NUSurveyor.m; sourceTree = "<group>"; };
		3BD52AB114C8B43500AB61E8 /* NUSurveyorTests.octest */ = {isa = PBXFileReference; explicitFileType = wrapper.cfbundle; includeInIndex = 0; path = NUSurveyorTests.octest; sourceTree = BUILT_PRODUCTS_DIR; };
		3BD52AB214C8B43500AB61E8 /* SenTestingKit.framework */ = {isa = PBXFileReference; lastKnownFileType = wrapper.framework; name = SenTestingKit.framework; path = Library/Frameworks/SenTestingKit.framework; sourceTree = DEVELOPER_DIR; };
		3BD52ABC14C8B43500AB61E8 /* NUSurveyorTests-Info.plist */ = {isa = PBXFileReference; lastKnownFileType = text.plist.xml; path = "NUSurveyorTests-Info.plist"; sourceTree = "<group>"; };
		3BD52ABE14C8B43500AB61E8 /* en */ = {isa = PBXFileReference; lastKnownFileType = text.plist.strings; name = en; path = en.lproj/InfoPlist.strings; sourceTree = "<group>"; };
		3BD52AC014C8B43500AB61E8 /* NUSurveyorTests.h */ = {isa = PBXFileReference; lastKnownFileType = sourcecode.c.h; path = NUSurveyorTests.h; sourceTree = "<group>"; };
		3BD52AC114C8B43500AB61E8 /* NUSurveyorTests.m */ = {isa = PBXFileReference; lastKnownFileType = sourcecode.c.objc; path = NUSurveyorTests.m; sourceTree = "<group>"; };
		3BD52ACE14C8B5A200AB61E8 /* NUSurveyTVC.h */ = {isa = PBXFileReference; fileEncoding = 4; lastKnownFileType = sourcecode.c.h; name = NUSurveyTVC.h; path = Controllers/NUSurveyTVC.h; sourceTree = "<group>"; };
		3BD52ACF14C8B5A200AB61E8 /* NUSurveyTVC.m */ = {isa = PBXFileReference; fileEncoding = 4; lastKnownFileType = sourcecode.c.objc; name = NUSurveyTVC.m; path = Controllers/NUSurveyTVC.m; sourceTree = "<group>"; };
		3BD52AD314C8B5B600AB61E8 /* NUSectionTVC.h */ = {isa = PBXFileReference; fileEncoding = 4; lastKnownFileType = sourcecode.c.h; name = NUSectionTVC.h; path = Controllers/NUSectionTVC.h; sourceTree = "<group>"; };
		3BD52AD414C8B5B600AB61E8 /* NUSectionTVC.m */ = {isa = PBXFileReference; fileEncoding = 4; lastKnownFileType = sourcecode.c.objc; name = NUSectionTVC.m; path = Controllers/NUSectionTVC.m; sourceTree = "<group>"; };
		3BD52AD814C8B5FE00AB61E8 /* UUID.h */ = {isa = PBXFileReference; fileEncoding = 4; lastKnownFileType = sourcecode.c.h; name = UUID.h; path = Models/UUID.h; sourceTree = "<group>"; };
		3BD52AD914C8B5FE00AB61E8 /* UUID.m */ = {isa = PBXFileReference; fileEncoding = 4; lastKnownFileType = sourcecode.c.objc; name = UUID.m; path = Models/UUID.m; sourceTree = "<group>"; };
		3BD52ADD14C8B62600AB61E8 /* NUPickerVC.h */ = {isa = PBXFileReference; fileEncoding = 4; lastKnownFileType = sourcecode.c.h; name = NUPickerVC.h; path = Controllers/NUPickerVC.h; sourceTree = "<group>"; };
		3BD52ADE14C8B62600AB61E8 /* NUPickerVC.m */ = {isa = PBXFileReference; fileEncoding = 4; lastKnownFileType = sourcecode.c.objc; name = NUPickerVC.m; path = Controllers/NUPickerVC.m; sourceTree = "<group>"; };
		3BD52AE214C8B65400AB61E8 /* NUResponseSet.h */ = {isa = PBXFileReference; fileEncoding = 4; lastKnownFileType = sourcecode.c.h; name = NUResponseSet.h; path = Models/NUResponseSet.h; sourceTree = "<group>"; };
		3BD52AE314C8B65400AB61E8 /* NUResponseSet.m */ = {isa = PBXFileReference; fileEncoding = 4; lastKnownFileType = sourcecode.c.objc; name = NUResponseSet.m; path = Models/NUResponseSet.m; sourceTree = "<group>"; };
		3BD52AE714C8B6A400AB61E8 /* NUAnyCell.h */ = {isa = PBXFileReference; fileEncoding = 4; lastKnownFileType = sourcecode.c.h; name = NUAnyCell.h; path = Views/NUAnyCell.h; sourceTree = "<group>"; };
		3BD52AE814C8B6A400AB61E8 /* NUAnyCell.m */ = {isa = PBXFileReference; fileEncoding = 4; lastKnownFileType = sourcecode.c.objc; name = NUAnyCell.m; path = Views/NUAnyCell.m; sourceTree = "<group>"; };
		3BD52AEC14C8B6B900AB61E8 /* NUDatePickerCell.h */ = {isa = PBXFileReference; fileEncoding = 4; lastKnownFileType = sourcecode.c.h; name = NUDatePickerCell.h; path = Views/NUDatePickerCell.h; sourceTree = "<group>"; };
		3BD52AED14C8B6B900AB61E8 /* NUDatePickerCell.m */ = {isa = PBXFileReference; fileEncoding = 4; lastKnownFileType = sourcecode.c.objc; name = NUDatePickerCell.m; path = Views/NUDatePickerCell.m; sourceTree = "<group>"; };
		3BD52AFB14C8B6E800AB61E8 /* NUNoneCell.h */ = {isa = PBXFileReference; fileEncoding = 4; lastKnownFileType = sourcecode.c.h; name = NUNoneCell.h; path = Views/NUNoneCell.h; sourceTree = "<group>"; };
		3BD52AFC14C8B6E800AB61E8 /* NUNoneCell.m */ = {isa = PBXFileReference; fileEncoding = 4; lastKnownFileType = sourcecode.c.objc; name = NUNoneCell.m; path = Views/NUNoneCell.m; sourceTree = "<group>"; };
		3BD52B0014C8B6F600AB61E8 /* NUNoneTextCell.h */ = {isa = PBXFileReference; fileEncoding = 4; lastKnownFileType = sourcecode.c.h; name = NUNoneTextCell.h; path = Views/NUNoneTextCell.h; sourceTree = "<group>"; };
		3BD52B0114C8B6F600AB61E8 /* NUNoneTextCell.m */ = {isa = PBXFileReference; fileEncoding = 4; lastKnownFileType = sourcecode.c.objc; name = NUNoneTextCell.m; path = Views/NUNoneTextCell.m; sourceTree = "<group>"; };
		3BD52B0514C8B70500AB61E8 /* NUOneCell.h */ = {isa = PBXFileReference; fileEncoding = 4; lastKnownFileType = sourcecode.c.h; name = NUOneCell.h; path = Views/NUOneCell.h; sourceTree = "<group>"; };
		3BD52B0614C8B70500AB61E8 /* NUOneCell.m */ = {isa = PBXFileReference; fileEncoding = 4; lastKnownFileType = sourcecode.c.objc; name = NUOneCell.m; path = Views/NUOneCell.m; sourceTree = "<group>"; };
		3BD52B0F14C8B74800AB61E8 /* NUButton.h */ = {isa = PBXFileReference; fileEncoding = 4; lastKnownFileType = sourcecode.c.h; name = NUButton.h; path = Views/NUButton.h; sourceTree = "<group>"; };
		3BD52B1014C8B74800AB61E8 /* NUButton.m */ = {isa = PBXFileReference; fileEncoding = 4; lastKnownFileType = sourcecode.c.objc; name = NUButton.m; path = Views/NUButton.m; sourceTree = "<group>"; };
		3BD52B1414C8B76E00AB61E8 /* NUPickerCell.h */ = {isa = PBXFileReference; fileEncoding = 4; lastKnownFileType = sourcecode.c.h; name = NUPickerCell.h; path = Views/NUPickerCell.h; sourceTree = "<group>"; };
		3BD52B1514C8B76E00AB61E8 /* NUPickerCell.m */ = {isa = PBXFileReference; fileEncoding = 4; lastKnownFileType = sourcecode.c.objc; name = NUPickerCell.m; path = Views/NUPickerCell.m; sourceTree = "<group>"; };
		3BD52B1914C8B7A200AB61E8 /* NUMultiButton.h */ = {isa = PBXFileReference; fileEncoding = 4; lastKnownFileType = sourcecode.c.h; name = NUMultiButton.h; path = Views/NUMultiButton.h; sourceTree = "<group>"; };
		3BD52B1A14C8B7A200AB61E8 /* NUMultiButton.m */ = {isa = PBXFileReference; fileEncoding = 4; lastKnownFileType = sourcecode.c.objc; name = NUMultiButton.m; path = Views/NUMultiButton.m; sourceTree = "<group>"; };
		3BD52B2314C8B7EF00AB61E8 /* UILabel+NUResize.h */ = {isa = PBXFileReference; fileEncoding = 4; lastKnownFileType = sourcecode.c.h; name = "UILabel+NUResize.h"; path = "Views/UILabel+NUResize.h"; sourceTree = "<group>"; };
		3BD52B2414C8B7EF00AB61E8 /* UILabel+NUResize.m */ = {isa = PBXFileReference; fileEncoding = 4; lastKnownFileType = sourcecode.c.objc; name = "UILabel+NUResize.m"; path = "Views/UILabel+NUResize.m"; sourceTree = "<group>"; };
		3BE8672F14CDF145002D04BD /* QuartzCore.framework */ = {isa = PBXFileReference; lastKnownFileType = wrapper.framework; name = QuartzCore.framework; path = System/Library/Frameworks/QuartzCore.framework; sourceTree = SDKROOT; };
		671F3C9514C9C36D00CEE042 /* UIKit.framework */ = {isa = PBXFileReference; lastKnownFileType = wrapper.framework; name = UIKit.framework; path = System/Library/Frameworks/UIKit.framework; sourceTree = SDKROOT; };
		671F3C9814C9C37500CEE042 /* CoreData.framework */ = {isa = PBXFileReference; lastKnownFileType = wrapper.framework; name = CoreData.framework; path = System/Library/Frameworks/CoreData.framework; sourceTree = SDKROOT; };
		671F3C9A14C9C38100CEE042 /* CoreGraphics.framework */ = {isa = PBXFileReference; lastKnownFileType = wrapper.framework; name = CoreGraphics.framework; path = System/Library/Frameworks/CoreGraphics.framework; sourceTree = SDKROOT; };
		671F3E8814CA318100CEE042 /* NUCell.h */ = {isa = PBXFileReference; fileEncoding = 4; lastKnownFileType = sourcecode.c.h; name = NUCell.h; path = Views/NUCell.h; sourceTree = "<group>"; };
		67DB496E14D07E6C009CC8C3 /* kitchen-sink-survey.json */ = {isa = PBXFileReference; fileEncoding = 4; lastKnownFileType = text.json; path = "kitchen-sink-survey.json"; sourceTree = "<group>"; };
		67DB497014D080AC009CC8C3 /* test-dependency-survey.json */ = {isa = PBXFileReference; fileEncoding = 4; lastKnownFileType = text.json; path = "test-dependency-survey.json"; sourceTree = "<group>"; };
		67DB499214D085CA009CC8C3 /* NUSurveyor.xcdatamodel */ = {isa = PBXFileReference; lastKnownFileType = wrapper.xcdatamodel; path = NUSurveyor.xcdatamodel; sourceTree = "<group>"; };
		67DB499414D0933E009CC8C3 /* NUGridAnyCell.h */ = {isa = PBXFileReference; fileEncoding = 4; lastKnownFileType = sourcecode.c.h; name = NUGridAnyCell.h; path = Views/NUGridAnyCell.h; sourceTree = "<group>"; };
		67DB499514D0933E009CC8C3 /* NUGridAnyCell.m */ = {isa = PBXFileReference; fileEncoding = 4; lastKnownFileType = sourcecode.c.objc; name = NUGridAnyCell.m; path = Views/NUGridAnyCell.m; sourceTree = "<group>"; };
		67DB499614D0933E009CC8C3 /* NUGridOneCell.h */ = {isa = PBXFileReference; fileEncoding = 4; lastKnownFileType = sourcecode.c.h; name = NUGridOneCell.h; path = Views/NUGridOneCell.h; sourceTree = "<group>"; };
		67DB499714D0933E009CC8C3 /* NUGridOneCell.m */ = {isa = PBXFileReference; fileEncoding = 4; lastKnownFileType = sourcecode.c.objc; name = NUGridOneCell.m; path = Views/NUGridOneCell.m; sourceTree = "<group>"; };
		67DB49A514D09454009CC8C3 /* NUSurveyorExample.app */ = {isa = PBXFileReference; explicitFileType = wrapper.application; includeInIndex = 0; path = NUSurveyorExample.app; sourceTree = BUILT_PRODUCTS_DIR; };
		67DB49AD14D09454009CC8C3 /* NUSurveyorExample-Info.plist */ = {isa = PBXFileReference; lastKnownFileType = text.plist.xml; path = "NUSurveyorExample-Info.plist"; sourceTree = "<group>"; };
		67DB49AF14D09454009CC8C3 /* en */ = {isa = PBXFileReference; lastKnownFileType = text.plist.strings; name = en; path = en.lproj/InfoPlist.strings; sourceTree = "<group>"; };
		67DB49B114D09454009CC8C3 /* main.m */ = {isa = PBXFileReference; lastKnownFileType = sourcecode.c.objc; path = main.m; sourceTree = "<group>"; };
		67DB49B314D09454009CC8C3 /* NUSurveyorExample-Prefix.pch */ = {isa = PBXFileReference; lastKnownFileType = sourcecode.c.h; path = "NUSurveyorExample-Prefix.pch"; sourceTree = "<group>"; };
		67DB49B414D09454009CC8C3 /* NUAppDelegate.h */ = {isa = PBXFileReference; lastKnownFileType = sourcecode.c.h; path = NUAppDelegate.h; sourceTree = "<group>"; };
		67DB49B514D09454009CC8C3 /* NUAppDelegate.m */ = {isa = PBXFileReference; lastKnownFileType = sourcecode.c.objc; path = NUAppDelegate.m; sourceTree = "<group>"; };
		67DB49CF14D094F2009CC8C3 /* kitchen-sink-survey.json */ = {isa = PBXFileReference; fileEncoding = 4; lastKnownFileType = text.json; path = "kitchen-sink-survey.json"; sourceTree = "<group>"; };
		67DB49D314D09583009CC8C3 /* NUSurveyorExample.xcdatamodel */ = {isa = PBXFileReference; lastKnownFileType = wrapper.xcdatamodel; path = NUSurveyorExample.xcdatamodel; sourceTree = "<group>"; };
		67DB49D514D09713009CC8C3 /* README.md */ = {isa = PBXFileReference; lastKnownFileType = text; path = README.md; sourceTree = SOURCE_ROOT; };
		67DB4A0314D09E8C009CC8C3 /* NUSurveyorExample copy.app */ = {isa = PBXFileReference; explicitFileType = wrapper.application; includeInIndex = 0; path = "NUSurveyorExample copy.app"; sourceTree = BUILT_PRODUCTS_DIR; };
		67DB4A0814D09EB6009CC8C3 /* my_first.feature */ = {isa = PBXFileReference; fileEncoding = 4; lastKnownFileType = text; path = my_first.feature; sourceTree = "<group>"; };
		67DB4A0A14D09EB6009CC8C3 /* launch_steps.rb */ = {isa = PBXFileReference; fileEncoding = 4; lastKnownFileType = text.script.ruby; path = launch_steps.rb; sourceTree = "<group>"; };
		67DB4A0C14D09EB6009CC8C3 /* env.rb */ = {isa = PBXFileReference; fileEncoding = 4; lastKnownFileType = text.script.ruby; path = env.rb; sourceTree = "<group>"; };
		67DB4A0D14D09EB6009CC8C3 /* frank_static_resources.bundle */ = {isa = PBXFileReference; lastKnownFileType = "wrapper.plug-in"; path = frank_static_resources.bundle; sourceTree = "<group>"; };
		67DB4A0E14D09EB6009CC8C3 /* libFrank.a */ = {isa = PBXFileReference; lastKnownFileType = archive.ar; path = libFrank.a; sourceTree = "<group>"; };
		67DB4A0F14D09EB6009CC8C3 /* libShelley.a */ = {isa = PBXFileReference; lastKnownFileType = archive.ar; path = libShelley.a; sourceTree = "<group>"; };
		67DB4A1614D09ED0009CC8C3 /* CFNetwork.framework */ = {isa = PBXFileReference; lastKnownFileType = wrapper.framework; name = CFNetwork.framework; path = System/Library/Frameworks/CFNetwork.framework; sourceTree = SDKROOT; };
/* End PBXFileReference section */

/* Begin PBXFrameworksBuildPhase section */
		3BD52A9E14C8B43500AB61E8 /* Frameworks */ = {
			isa = PBXFrameworksBuildPhase;
			buildActionMask = 2147483647;
			files = (
				671F3C9B14C9C38100CEE042 /* CoreGraphics.framework in Frameworks */,
				3BE8673014CDF145002D04BD /* QuartzCore.framework in Frameworks */,
				671F3C9914C9C37500CEE042 /* CoreData.framework in Frameworks */,
				671F3C9614C9C36D00CEE042 /* UIKit.framework in Frameworks */,
				3BD52AA514C8B43500AB61E8 /* Foundation.framework in Frameworks */,
			);
			runOnlyForDeploymentPostprocessing = 0;
		};
		3BD52AAD14C8B43500AB61E8 /* Frameworks */ = {
			isa = PBXFrameworksBuildPhase;
			buildActionMask = 2147483647;
			files = (
				67DB495F14D07217009CC8C3 /* UIKit.framework in Frameworks */,
				67DB495E14D07210009CC8C3 /* QuartzCore.framework in Frameworks */,
				67DB495D14D07207009CC8C3 /* CoreGraphics.framework in Frameworks */,
				67DB495C14D07203009CC8C3 /* CoreData.framework in Frameworks */,
				3BD52AB314C8B43500AB61E8 /* SenTestingKit.framework in Frameworks */,
				3BD52AB614C8B43500AB61E8 /* Foundation.framework in Frameworks */,
				3BD52AB914C8B43500AB61E8 /* libNUSurveyor.a in Frameworks */,
			);
			runOnlyForDeploymentPostprocessing = 0;
		};
		67DB49A214D09454009CC8C3 /* Frameworks */ = {
			isa = PBXFrameworksBuildPhase;
			buildActionMask = 2147483647;
			files = (
				67DB49D114D0952E009CC8C3 /* libNUSurveyor.a in Frameworks */,
				67DB49D214D0953A009CC8C3 /* QuartzCore.framework in Frameworks */,
				67DB49A714D09454009CC8C3 /* UIKit.framework in Frameworks */,
				67DB49A814D09454009CC8C3 /* Foundation.framework in Frameworks */,
				67DB49A914D09454009CC8C3 /* CoreGraphics.framework in Frameworks */,
				67DB49AA14D09454009CC8C3 /* CoreData.framework in Frameworks */,
			);
			runOnlyForDeploymentPostprocessing = 0;
		};
		67DB49F614D09E8C009CC8C3 /* Frameworks */ = {
			isa = PBXFrameworksBuildPhase;
			buildActionMask = 2147483647;
			files = (
				67DB49F714D09E8C009CC8C3 /* libNUSurveyor.a in Frameworks */,
				67DB49F814D09E8C009CC8C3 /* QuartzCore.framework in Frameworks */,
				67DB4A1714D09ED0009CC8C3 /* CFNetwork.framework in Frameworks */,
				67DB49F914D09E8C009CC8C3 /* UIKit.framework in Frameworks */,
				67DB49FA14D09E8C009CC8C3 /* Foundation.framework in Frameworks */,
				67DB49FB14D09E8C009CC8C3 /* CoreGraphics.framework in Frameworks */,
				67DB49FC14D09E8C009CC8C3 /* CoreData.framework in Frameworks */,
				67DB4A1414D09EB6009CC8C3 /* libFrank.a in Frameworks */,
				67DB4A1514D09EB6009CC8C3 /* libShelley.a in Frameworks */,
			);
			runOnlyForDeploymentPostprocessing = 0;
		};
/* End PBXFrameworksBuildPhase section */

/* Begin PBXGroup section */
		3B44F2DB1524C4CA0060B41F /* JSONKit */ = {
			isa = PBXGroup;
			children = (
				3B44F2DC1524C4E60060B41F /* JSONKit.h */,
				3B44F2DD1524C4E60060B41F /* JSONKit.m */,
			);
			name = JSONKit;
			sourceTree = "<group>";
		};
		3BD52A9614C8B43400AB61E8 = {
			isa = PBXGroup;
			children = (
				3BD52AA614C8B43500AB61E8 /* NUSurveyor */,
				3BD52ABA14C8B43500AB61E8 /* NUSurveyorTests */,
				67DB49AB14D09454009CC8C3 /* NUSurveyorExample */,
				67DB4A0614D09EB6009CC8C3 /* Frank */,
				3BD52AA314C8B43500AB61E8 /* Frameworks */,
				3BD52AA214C8B43500AB61E8 /* Products */,
				67DB49D514D09713009CC8C3 /* README.md */,
			);
			sourceTree = "<group>";
		};
		3BD52AA214C8B43500AB61E8 /* Products */ = {
			isa = PBXGroup;
			children = (
				3BD52AA114C8B43500AB61E8 /* libNUSurveyor.a */,
				3BD52AB114C8B43500AB61E8 /* NUSurveyorTests.octest */,
				67DB49A514D09454009CC8C3 /* NUSurveyorExample.app */,
				67DB4A0314D09E8C009CC8C3 /* NUSurveyorExample copy.app */,
			);
			name = Products;
			sourceTree = "<group>";
		};
		3BD52AA314C8B43500AB61E8 /* Frameworks */ = {
			isa = PBXGroup;
			children = (
				3B44F2DB1524C4CA0060B41F /* JSONKit */,
				67DB4A1614D09ED0009CC8C3 /* CFNetwork.framework */,
				671F3C9A14C9C38100CEE042 /* CoreGraphics.framework */,
				3BE8672F14CDF145002D04BD /* QuartzCore.framework */,
				671F3C9814C9C37500CEE042 /* CoreData.framework */,
				671F3C9514C9C36D00CEE042 /* UIKit.framework */,
				3BD52AA414C8B43500AB61E8 /* Foundation.framework */,
				3BD52AB214C8B43500AB61E8 /* SenTestingKit.framework */,
			);
			name = Frameworks;
			sourceTree = "<group>";
		};
		3BD52AA614C8B43500AB61E8 /* NUSurveyor */ = {
			isa = PBXGroup;
			children = (
				3BD52ACD14C8B45100AB61E8 /* Controllers */,
				3BD52ACC14C8B45000AB61E8 /* Models */,
				3BD52ACB14C8B44C00AB61E8 /* Views */,
				3BD52AA914C8B43500AB61E8 /* NUSurveyor.h */,
				3BD52AAA14C8B43500AB61E8 /* NUSurveyor.m */,
				3BD52AA714C8B43500AB61E8 /* Supporting Files */,
				0083A90B14F746F5005C1D94 /* NUConstants.h */,
			);
			path = NUSurveyor;
			sourceTree = "<group>";
		};
		3BD52AA714C8B43500AB61E8 /* Supporting Files */ = {
			isa = PBXGroup;
			children = (
				3BD52AA814C8B43500AB61E8 /* NUSurveyor-Prefix.pch */,
			);
			name = "Supporting Files";
			sourceTree = "<group>";
		};
		3BD52ABA14C8B43500AB61E8 /* NUSurveyorTests */ = {
			isa = PBXGroup;
			children = (
				006CE3B715214DB400DD32A2 /* NUResponseSetTest.h */,
				006CE3B815214DB400DD32A2 /* NUResponseSetTest.m */,
				3BD52AC014C8B43500AB61E8 /* NUSurveyorTests.h */,
				3BD52AC114C8B43500AB61E8 /* NUSurveyorTests.m */,
				3BD52ABB14C8B43500AB61E8 /* Supporting Files */,
				008AE62515224CE000F4F14C /* NUDatabaseTest.h */,
				008AE62615224CE000F4F14C /* NUDatabaseTest.m */,
				005AA6481521676300E67C10 /* NUResponseTest.h */,
				005AA6491521676300E67C10 /* NUResponseTest.m */,
			);
			path = NUSurveyorTests;
			sourceTree = "<group>";
		};
		3BD52ABB14C8B43500AB61E8 /* Supporting Files */ = {
			isa = PBXGroup;
			children = (
				67DB499214D085CA009CC8C3 /* NUSurveyor.xcdatamodel */,
				67DB496E14D07E6C009CC8C3 /* kitchen-sink-survey.json */,
				67DB497014D080AC009CC8C3 /* test-dependency-survey.json */,
				3BD52ABC14C8B43500AB61E8 /* NUSurveyorTests-Info.plist */,
				3BD52ABD14C8B43500AB61E8 /* InfoPlist.strings */,
				3B8CF200151B91C600EA4148 /* test-birth-date-survey.json */,
			);
			name = "Supporting Files";
			sourceTree = "<group>";
		};
		3BD52ACB14C8B44C00AB61E8 /* Views */ = {
			isa = PBXGroup;
			children = (
				671F3E8814CA318100CEE042 /* NUCell.h */,
				3BD52B0514C8B70500AB61E8 /* NUOneCell.h */,
				3BD52B0614C8B70500AB61E8 /* NUOneCell.m */,
				3B2AB06C1522429E00525F25 /* NUOneStringOrNumberCell.h */,
				3B2AB06D1522429E00525F25 /* NUOneStringOrNumberCell.m */,
				3B2AB0701522483E00525F25 /* NUOneDatePickerCell.h */,
				3B2AB0711522483E00525F25 /* NUOneDatePickerCell.m */,
				3BD52AE714C8B6A400AB61E8 /* NUAnyCell.h */,
				3BD52AE814C8B6A400AB61E8 /* NUAnyCell.m */,
				3BC61A7C1520CBDB00A8C20C /* NUAnyStringOrNumberCell.h */,
				3BC61A7D1520CBDB00A8C20C /* NUAnyStringOrNumberCell.m */,
				3BC61A821520F74F00A8C20C /* NUAnyDatePickerCell.h */,
				3BC61A831520F75000A8C20C /* NUAnyDatePickerCell.m */,
				3BD52AFB14C8B6E800AB61E8 /* NUNoneCell.h */,
				3BD52AFC14C8B6E800AB61E8 /* NUNoneCell.m */,
				3BD52B0014C8B6F600AB61E8 /* NUNoneTextCell.h */,
				3BD52B0114C8B6F600AB61E8 /* NUNoneTextCell.m */,
				3BD52AEC14C8B6B900AB61E8 /* NUDatePickerCell.h */,
				3BD52AED14C8B6B900AB61E8 /* NUDatePickerCell.m */,
				3BD52B1414C8B76E00AB61E8 /* NUPickerCell.h */,
				3BD52B1514C8B76E00AB61E8 /* NUPickerCell.m */,
				67DB499414D0933E009CC8C3 /* NUGridAnyCell.h */,
				67DB499514D0933E009CC8C3 /* NUGridAnyCell.m */,
				67DB499614D0933E009CC8C3 /* NUGridOneCell.h */,
				67DB499714D0933E009CC8C3 /* NUGridOneCell.m */,
				3BD52B0F14C8B74800AB61E8 /* NUButton.h */,
				3BD52B1014C8B74800AB61E8 /* NUButton.m */,
				3BD52B1914C8B7A200AB61E8 /* NUMultiButton.h */,
				3BD52B1A14C8B7A200AB61E8 /* NUMultiButton.m */,
				3BD52B2314C8B7EF00AB61E8 /* UILabel+NUResize.h */,
				3BD52B2414C8B7EF00AB61E8 /* UILabel+NUResize.m */,
			);
			name = Views;
			sourceTree = "<group>";
		};
		3BD52ACC14C8B45000AB61E8 /* Models */ = {
			isa = PBXGroup;
			children = (
				3BD52AD814C8B5FE00AB61E8 /* UUID.h */,
				3BD52AD914C8B5FE00AB61E8 /* UUID.m */,
				3BD52AE214C8B65400AB61E8 /* NUResponseSet.h */,
				3BD52AE314C8B65400AB61E8 /* NUResponseSet.m */,
				3BA2E94814CDCD0F0057D05C /* NUSurvey.h */,
				3BA2E94914CDCD0F0057D05C /* NUSurvey.m */,
				005AA64D152208DE00E67C10 /* NUResponse.h */,
				005AA64E152208DE00E67C10 /* NUResponse.m */,
				00C8457D152263DF003B9213 /* NSDateFormatter+Additions.h */,
				00C8457E152263DF003B9213 /* NSDateFormatter+Additions.m */,
			);
			name = Models;
			sourceTree = "<group>";
		};
		3BD52ACD14C8B45100AB61E8 /* Controllers */ = {
			isa = PBXGroup;
			children = (
				3BD52ACE14C8B5A200AB61E8 /* NUSurveyTVC.h */,
				3BD52ACF14C8B5A200AB61E8 /* NUSurveyTVC.m */,
				3BD52AD314C8B5B600AB61E8 /* NUSectionTVC.h */,
				3BD52AD414C8B5B600AB61E8 /* NUSectionTVC.m */,
				3BD52ADD14C8B62600AB61E8 /* NUPickerVC.h */,
				3BD52ADE14C8B62600AB61E8 /* NUPickerVC.m */,
			);
			name = Controllers;
			sourceTree = "<group>";
		};
		67DB49AB14D09454009CC8C3 /* NUSurveyorExample */ = {
			isa = PBXGroup;
			children = (
				67DB49B414D09454009CC8C3 /* NUAppDelegate.h */,
				67DB49B514D09454009CC8C3 /* NUAppDelegate.m */,
				3BC61A8A15210AB400A8C20C /* NUSpyVC.h */,
				3BC61A8B15210AB400A8C20C /* NUSpyVC.m */,
				67DB49D314D09583009CC8C3 /* NUSurveyorExample.xcdatamodel */,
				67DB49AC14D09454009CC8C3 /* Supporting Files */,
			);
			path = NUSurveyorExample;
			sourceTree = "<group>";
		};
		67DB49AC14D09454009CC8C3 /* Supporting Files */ = {
			isa = PBXGroup;
			children = (
				67DB49CF14D094F2009CC8C3 /* kitchen-sink-survey.json */,
				3BC61A9315211EC900A8C20C /* complex-responses.json */,
				67DB49AD14D09454009CC8C3 /* NUSurveyorExample-Info.plist */,
				67DB49AE14D09454009CC8C3 /* InfoPlist.strings */,
				67DB49B114D09454009CC8C3 /* main.m */,
				67DB49B314D09454009CC8C3 /* NUSurveyorExample-Prefix.pch */,
			);
			name = "Supporting Files";
			sourceTree = "<group>";
		};
		67DB4A0614D09EB6009CC8C3 /* Frank */ = {
			isa = PBXGroup;
			children = (
				67DB4A0714D09EB6009CC8C3 /* features */,
				67DB4A0D14D09EB6009CC8C3 /* frank_static_resources.bundle */,
				67DB4A0E14D09EB6009CC8C3 /* libFrank.a */,
				67DB4A0F14D09EB6009CC8C3 /* libShelley.a */,
			);
			path = Frank;
			sourceTree = "<group>";
		};
		67DB4A0714D09EB6009CC8C3 /* features */ = {
			isa = PBXGroup;
			children = (
				67DB4A0814D09EB6009CC8C3 /* my_first.feature */,
				3B24DED414EEEA8400E7D04C /* basic_survey.feature */,
				3B08678E14FED8C100D43E02 /* group_dependency.feature */,
				3BC61A9615211EF000A8C20C /* complex_responses.feature */,
				67DB4A0914D09EB6009CC8C3 /* step_definitions */,
				67DB4A0B14D09EB6009CC8C3 /* support */,
			);
			path = features;
			sourceTree = "<group>";
		};
		67DB4A0914D09EB6009CC8C3 /* step_definitions */ = {
			isa = PBXGroup;
			children = (
				3B24DED614EEEABF00E7D04C /* response_set_steps.rb */,
				67DB4A0A14D09EB6009CC8C3 /* launch_steps.rb */,
			);
			path = step_definitions;
			sourceTree = "<group>";
		};
		67DB4A0B14D09EB6009CC8C3 /* support */ = {
			isa = PBXGroup;
			children = (
				67DB4A0C14D09EB6009CC8C3 /* env.rb */,
			);
			path = support;
			sourceTree = "<group>";
		};
/* End PBXGroup section */

/* Begin PBXHeadersBuildPhase section */
		3BD52A9F14C8B43500AB61E8 /* Headers */ = {
			isa = PBXHeadersBuildPhase;
			buildActionMask = 2147483647;
			files = (
				3BD52AD014C8B5A200AB61E8 /* NUSurveyTVC.h in Headers */,
				3BD52AD514C8B5B600AB61E8 /* NUSectionTVC.h in Headers */,
				3BD52ADF14C8B62600AB61E8 /* NUPickerVC.h in Headers */,
				3BD52ADA14C8B5FE00AB61E8 /* UUID.h in Headers */,
				3BD52AE414C8B65400AB61E8 /* NUResponseSet.h in Headers */,
				3BA2E94A14CDCD0F0057D05C /* NUSurvey.h in Headers */,
				671F3E8914CA318100CEE042 /* NUCell.h in Headers */,
				3BD52AE914C8B6A400AB61E8 /* NUAnyCell.h in Headers */,
				3BD52AEE14C8B6B900AB61E8 /* NUDatePickerCell.h in Headers */,
				3BD52AFD14C8B6E900AB61E8 /* NUNoneCell.h in Headers */,
				3BD52B0214C8B6F700AB61E8 /* NUNoneTextCell.h in Headers */,
				3BD52B1614C8B76E00AB61E8 /* NUPickerCell.h in Headers */,
				3BD52B0714C8B70500AB61E8 /* NUOneCell.h in Headers */,
				3BD52B1114C8B74800AB61E8 /* NUButton.h in Headers */,
				3BD52B1B14C8B7A200AB61E8 /* NUMultiButton.h in Headers */,
				3BD52B2514C8B7EF00AB61E8 /* UILabel+NUResize.h in Headers */,
				005AA64F152208DE00E67C10 /* NUResponse.h in Headers */,
				00C8457F152263DF003B9213 /* NSDateFormatter+Additions.h in Headers */,
				67DB499814D0933E009CC8C3 /* NUGridAnyCell.h in Headers */,
				67DB499A14D0933E009CC8C3 /* NUGridOneCell.h in Headers */,
				0083A90C14F746F5005C1D94 /* NUConstants.h in Headers */,
				3BC61A7E1520CBDB00A8C20C /* NUAnyStringOrNumberCell.h in Headers */,
				3BC61A841520F75000A8C20C /* NUAnyDatePickerCell.h in Headers */,
				3B2AB06E1522429E00525F25 /* NUOneStringOrNumberCell.h in Headers */,
				3B2AB0721522483E00525F25 /* NUOneDatePickerCell.h in Headers */,
				3B44F2DE1524C4E60060B41F /* JSONKit.h in Headers */,
			);
			runOnlyForDeploymentPostprocessing = 0;
		};
/* End PBXHeadersBuildPhase section */

/* Begin PBXNativeTarget section */
		3BD52AA014C8B43500AB61E8 /* NUSurveyor */ = {
			isa = PBXNativeTarget;
			buildConfigurationList = 3BD52AC514C8B43500AB61E8 /* Build configuration list for PBXNativeTarget "NUSurveyor" */;
			buildPhases = (
				3BD52A9D14C8B43500AB61E8 /* Sources */,
				3BD52A9E14C8B43500AB61E8 /* Frameworks */,
				3BD52A9F14C8B43500AB61E8 /* Headers */,
			);
			buildRules = (
			);
			dependencies = (
			);
			name = NUSurveyor;
			productName = NUSurveyor;
			productReference = 3BD52AA114C8B43500AB61E8 /* libNUSurveyor.a */;
			productType = "com.apple.product-type.library.static";
		};
		3BD52AB014C8B43500AB61E8 /* NUSurveyorTests */ = {
			isa = PBXNativeTarget;
			buildConfigurationList = 3BD52AC814C8B43500AB61E8 /* Build configuration list for PBXNativeTarget "NUSurveyorTests" */;
			buildPhases = (
				3BD52AAC14C8B43500AB61E8 /* Sources */,
				3BD52AAD14C8B43500AB61E8 /* Frameworks */,
				3BD52AAE14C8B43500AB61E8 /* Resources */,
				3BD52AAF14C8B43500AB61E8 /* ShellScript */,
			);
			buildRules = (
			);
			dependencies = (
				3BD52AB814C8B43500AB61E8 /* PBXTargetDependency */,
			);
			name = NUSurveyorTests;
			productName = NUSurveyorTests;
			productReference = 3BD52AB114C8B43500AB61E8 /* NUSurveyorTests.octest */;
			productType = "com.apple.product-type.bundle";
		};
		67DB49A414D09454009CC8C3 /* NUSurveyorExample */ = {
			isa = PBXNativeTarget;
			buildConfigurationList = 67DB49CC14D09454009CC8C3 /* Build configuration list for PBXNativeTarget "NUSurveyorExample" */;
			buildPhases = (
				67DB49A114D09454009CC8C3 /* Sources */,
				67DB49A214D09454009CC8C3 /* Frameworks */,
				67DB49A314D09454009CC8C3 /* Resources */,
			);
			buildRules = (
			);
			dependencies = (
			);
			name = NUSurveyorExample;
			productName = NUSurveyorExample;
			productReference = 67DB49A514D09454009CC8C3 /* NUSurveyorExample.app */;
			productType = "com.apple.product-type.application";
		};
		67DB49F114D09E8C009CC8C3 /* NUSurveyorExample Frankified */ = {
			isa = PBXNativeTarget;
			buildConfigurationList = 67DB4A0014D09E8C009CC8C3 /* Build configuration list for PBXNativeTarget "NUSurveyorExample Frankified" */;
			buildPhases = (
				67DB49F214D09E8C009CC8C3 /* Sources */,
				67DB49F614D09E8C009CC8C3 /* Frameworks */,
				67DB49FD14D09E8C009CC8C3 /* Resources */,
			);
			buildRules = (
			);
			dependencies = (
			);
			name = "NUSurveyorExample Frankified";
			productName = NUSurveyorExample;
			productReference = 67DB4A0314D09E8C009CC8C3 /* NUSurveyorExample copy.app */;
			productType = "com.apple.product-type.application";
		};
/* End PBXNativeTarget section */

/* Begin PBXProject section */
		3BD52A9814C8B43400AB61E8 /* Project object */ = {
			isa = PBXProject;
			attributes = {
				LastUpgradeCheck = 0420;
				ORGANIZATIONNAME = "Northwestern University";
			};
			buildConfigurationList = 3BD52A9B14C8B43400AB61E8 /* Build configuration list for PBXProject "NUSurveyor" */;
			compatibilityVersion = "Xcode 3.2";
			developmentRegion = English;
			hasScannedForEncodings = 0;
			knownRegions = (
				en,
			);
			mainGroup = 3BD52A9614C8B43400AB61E8;
			productRefGroup = 3BD52AA214C8B43500AB61E8 /* Products */;
			projectDirPath = "";
			projectRoot = "";
			targets = (
				3BD52AA014C8B43500AB61E8 /* NUSurveyor */,
				3BD52AB014C8B43500AB61E8 /* NUSurveyorTests */,
				67DB49A414D09454009CC8C3 /* NUSurveyorExample */,
				67DB49F114D09E8C009CC8C3 /* NUSurveyorExample Frankified */,
			);
		};
/* End PBXProject section */

/* Begin PBXResourcesBuildPhase section */
		3BD52AAE14C8B43500AB61E8 /* Resources */ = {
			isa = PBXResourcesBuildPhase;
			buildActionMask = 2147483647;
			files = (
				3BD52ABF14C8B43500AB61E8 /* InfoPlist.strings in Resources */,
				67DB496F14D07E6C009CC8C3 /* kitchen-sink-survey.json in Resources */,
				67DB497114D080AC009CC8C3 /* test-dependency-survey.json in Resources */,
				3B8CF201151B91C600EA4148 /* test-birth-date-survey.json in Resources */,
			);
			runOnlyForDeploymentPostprocessing = 0;
		};
		67DB49A314D09454009CC8C3 /* Resources */ = {
			isa = PBXResourcesBuildPhase;
			buildActionMask = 2147483647;
			files = (
				67DB49B014D09454009CC8C3 /* InfoPlist.strings in Resources */,
				67DB49D014D094F2009CC8C3 /* kitchen-sink-survey.json in Resources */,
				3BC61A9415211EC900A8C20C /* complex-responses.json in Resources */,
				3BC61A9715211EF000A8C20C /* complex_responses.feature in Resources */,
			);
			runOnlyForDeploymentPostprocessing = 0;
		};
		67DB49FD14D09E8C009CC8C3 /* Resources */ = {
			isa = PBXResourcesBuildPhase;
			buildActionMask = 2147483647;
			files = (
				67DB49FE14D09E8C009CC8C3 /* InfoPlist.strings in Resources */,
				67DB49FF14D09E8C009CC8C3 /* kitchen-sink-survey.json in Resources */,
				67DB4A1014D09EB6009CC8C3 /* my_first.feature in Resources */,
				67DB4A1114D09EB6009CC8C3 /* launch_steps.rb in Resources */,
				67DB4A1214D09EB6009CC8C3 /* env.rb in Resources */,
				67DB4A1314D09EB6009CC8C3 /* frank_static_resources.bundle in Resources */,
				3B24DED514EEEA8400E7D04C /* basic_survey.feature in Resources */,
				3B24DED714EEEABF00E7D04C /* response_set_steps.rb in Resources */,
				3BC61A9515211EC900A8C20C /* complex-responses.json in Resources */,
				3BC61A9815211EF000A8C20C /* complex_responses.feature in Resources */,
			);
			runOnlyForDeploymentPostprocessing = 0;
		};
/* End PBXResourcesBuildPhase section */

/* Begin PBXShellScriptBuildPhase section */
		3BD52AAF14C8B43500AB61E8 /* ShellScript */ = {
			isa = PBXShellScriptBuildPhase;
			buildActionMask = 2147483647;
			files = (
			);
			inputPaths = (
			);
			outputPaths = (
			);
			runOnlyForDeploymentPostprocessing = 0;
			shellPath = /bin/sh;
			shellScript = "# Run the unit tests in this test bundle.\n\"${SYSTEM_DEVELOPER_DIR}/Tools/RunUnitTests\"\n";
		};
/* End PBXShellScriptBuildPhase section */

/* Begin PBXSourcesBuildPhase section */
		3BD52A9D14C8B43500AB61E8 /* Sources */ = {
			isa = PBXSourcesBuildPhase;
			buildActionMask = 2147483647;
			files = (
				3BD52AAB14C8B43500AB61E8 /* NUSurveyor.m in Sources */,
				3BD52AD114C8B5A200AB61E8 /* NUSurveyTVC.m in Sources */,
				3BD52AD614C8B5B600AB61E8 /* NUSectionTVC.m in Sources */,
				3BD52ADB14C8B5FE00AB61E8 /* UUID.m in Sources */,
				3BD52AE014C8B62600AB61E8 /* NUPickerVC.m in Sources */,
				3BD52AE514C8B65400AB61E8 /* NUResponseSet.m in Sources */,
				3BD52AEA14C8B6A400AB61E8 /* NUAnyCell.m in Sources */,
				3BD52AEF14C8B6B900AB61E8 /* NUDatePickerCell.m in Sources */,
				3BD52AFE14C8B6E900AB61E8 /* NUNoneCell.m in Sources */,
				3BD52B0314C8B6F700AB61E8 /* NUNoneTextCell.m in Sources */,
				3BD52B0814C8B70500AB61E8 /* NUOneCell.m in Sources */,
				3BD52B1214C8B74800AB61E8 /* NUButton.m in Sources */,
				3BD52B1714C8B76E00AB61E8 /* NUPickerCell.m in Sources */,
				3BD52B1C14C8B7A200AB61E8 /* NUMultiButton.m in Sources */,
				3BD52B2614C8B7EF00AB61E8 /* UILabel+NUResize.m in Sources */,
				3BA2E94B14CDCD0F0057D05C /* NUSurvey.m in Sources */,
				67DB499914D0933E009CC8C3 /* NUGridAnyCell.m in Sources */,
				67DB499B14D0933E009CC8C3 /* NUGridOneCell.m in Sources */,
				005AA650152208DE00E67C10 /* NUResponse.m in Sources */,
				3BC61A7F1520CBDB00A8C20C /* NUAnyStringOrNumberCell.m in Sources */,
				3BC61A851520F75000A8C20C /* NUAnyDatePickerCell.m in Sources */,
				3B2AB06F1522429E00525F25 /* NUOneStringOrNumberCell.m in Sources */,
				3B2AB0731522483E00525F25 /* NUOneDatePickerCell.m in Sources */,
				00C84580152263DF003B9213 /* NSDateFormatter+Additions.m in Sources */,
				3B44F2DF1524C4E60060B41F /* JSONKit.m in Sources */,
			);
			runOnlyForDeploymentPostprocessing = 0;
		};
		3BD52AAC14C8B43500AB61E8 /* Sources */ = {
			isa = PBXSourcesBuildPhase;
			buildActionMask = 2147483647;
			files = (
				005AA64B1521F04B00E67C10 /* NUResponseSetTest.m in Sources */,
				005AA64C1521F04B00E67C10 /* NUResponseTest.m in Sources */,
				3BD52AC214C8B43500AB61E8 /* NUSurveyorTests.m in Sources */,
				67DB499314D085CA009CC8C3 /* NUSurveyor.xcdatamodel in Sources */,
				008AE62715224CE000F4F14C /* NUDatabaseTest.m in Sources */,
			);
			runOnlyForDeploymentPostprocessing = 0;
		};
		67DB49A114D09454009CC8C3 /* Sources */ = {
			isa = PBXSourcesBuildPhase;
			buildActionMask = 2147483647;
			files = (
				67DB49B214D09454009CC8C3 /* main.m in Sources */,
				67DB49B614D09454009CC8C3 /* NUAppDelegate.m in Sources */,
				67DB49D414D09583009CC8C3 /* NUSurveyorExample.xcdatamodel in Sources */,
				3BC61A8C15210AB400A8C20C /* NUSpyVC.m in Sources */,
			);
			runOnlyForDeploymentPostprocessing = 0;
		};
		67DB49F214D09E8C009CC8C3 /* Sources */ = {
			isa = PBXSourcesBuildPhase;
			buildActionMask = 2147483647;
			files = (
				67DB49F314D09E8C009CC8C3 /* main.m in Sources */,
				67DB49F414D09E8C009CC8C3 /* NUAppDelegate.m in Sources */,
				67DB49F514D09E8C009CC8C3 /* NUSurveyorExample.xcdatamodel in Sources */,
				3BC61A8D15210AB400A8C20C /* NUSpyVC.m in Sources */,
			);
			runOnlyForDeploymentPostprocessing = 0;
		};
/* End PBXSourcesBuildPhase section */

/* Begin PBXTargetDependency section */
		3BD52AB814C8B43500AB61E8 /* PBXTargetDependency */ = {
			isa = PBXTargetDependency;
			target = 3BD52AA014C8B43500AB61E8 /* NUSurveyor */;
			targetProxy = 3BD52AB714C8B43500AB61E8 /* PBXContainerItemProxy */;
		};
/* End PBXTargetDependency section */

/* Begin PBXVariantGroup section */
		3BD52ABD14C8B43500AB61E8 /* InfoPlist.strings */ = {
			isa = PBXVariantGroup;
			children = (
				3BD52ABE14C8B43500AB61E8 /* en */,
			);
			name = InfoPlist.strings;
			sourceTree = "<group>";
		};
		67DB49AE14D09454009CC8C3 /* InfoPlist.strings */ = {
			isa = PBXVariantGroup;
			children = (
				67DB49AF14D09454009CC8C3 /* en */,
			);
			name = InfoPlist.strings;
			sourceTree = "<group>";
		};
/* End PBXVariantGroup section */

/* Begin XCBuildConfiguration section */
		3BD52AC314C8B43500AB61E8 /* Debug */ = {
			isa = XCBuildConfiguration;
			buildSettings = {
				ALWAYS_SEARCH_USER_PATHS = NO;
				ARCHS = "$(ARCHS_STANDARD_32_BIT)";
				CLANG_ENABLE_OBJC_ARC = YES;
				COPY_PHASE_STRIP = NO;
				GCC_C_LANGUAGE_STANDARD = gnu99;
				GCC_DYNAMIC_NO_PIC = NO;
				GCC_OPTIMIZATION_LEVEL = 0;
				GCC_PREPROCESSOR_DEFINITIONS = (
					"DEBUG=1",
					"$(inherited)",
				);
				GCC_SYMBOLS_PRIVATE_EXTERN = NO;
				GCC_VERSION = com.apple.compilers.llvm.clang.1_0;
				GCC_WARN_ABOUT_MISSING_PROTOTYPES = YES;
				GCC_WARN_ABOUT_RETURN_TYPE = YES;
				GCC_WARN_UNUSED_VARIABLE = YES;
				IPHONEOS_DEPLOYMENT_TARGET = 5.0;
				SDKROOT = iphoneos;
			};
			name = Debug;
		};
		3BD52AC414C8B43500AB61E8 /* Release */ = {
			isa = XCBuildConfiguration;
			buildSettings = {
				ALWAYS_SEARCH_USER_PATHS = NO;
				ARCHS = "$(ARCHS_STANDARD_32_BIT)";
				CLANG_ENABLE_OBJC_ARC = YES;
				COPY_PHASE_STRIP = YES;
				GCC_C_LANGUAGE_STANDARD = gnu99;
				GCC_VERSION = com.apple.compilers.llvm.clang.1_0;
				GCC_WARN_ABOUT_MISSING_PROTOTYPES = YES;
				GCC_WARN_ABOUT_RETURN_TYPE = YES;
				GCC_WARN_UNUSED_VARIABLE = YES;
				IPHONEOS_DEPLOYMENT_TARGET = 5.0;
				SDKROOT = iphoneos;
				VALIDATE_PRODUCT = YES;
			};
			name = Release;
		};
		3BD52AC614C8B43500AB61E8 /* Debug */ = {
			isa = XCBuildConfiguration;
			buildSettings = {
				DSTROOT = /tmp/NUSurveyor.dst;
				GCC_PRECOMPILE_PREFIX_HEADER = YES;
				GCC_PREFIX_HEADER = "NUSurveyor/NUSurveyor-Prefix.pch";
				INSTALL_PATH = "$(BUILT_PRODUCTS_DIR)";
				OTHER_LDFLAGS = (
					"-all_load",
					"-ObjC",
				);
				PRODUCT_NAME = "$(TARGET_NAME)";
				PUBLIC_HEADERS_FOLDER_PATH = "$(TARGET_NAME)";
				SKIP_INSTALL = YES;
			};
			name = Debug;
		};
		3BD52AC714C8B43500AB61E8 /* Release */ = {
			isa = XCBuildConfiguration;
			buildSettings = {
				DSTROOT = /tmp/NUSurveyor.dst;
				GCC_PRECOMPILE_PREFIX_HEADER = YES;
				GCC_PREFIX_HEADER = "NUSurveyor/NUSurveyor-Prefix.pch";
				INSTALL_PATH = "$(BUILT_PRODUCTS_DIR)";
				OTHER_LDFLAGS = (
					"-all_load",
					"-ObjC",
				);
				PRODUCT_NAME = "$(TARGET_NAME)";
				PUBLIC_HEADERS_FOLDER_PATH = "$(TARGET_NAME)";
				SKIP_INSTALL = YES;
			};
			name = Release;
		};
		3BD52AC914C8B43500AB61E8 /* Debug */ = {
			isa = XCBuildConfiguration;
			buildSettings = {
				FRAMEWORK_SEARCH_PATHS = (
					"$(SDKROOT)/Developer/Library/Frameworks",
					"$(DEVELOPER_LIBRARY_DIR)/Frameworks",
				);
				GCC_PRECOMPILE_PREFIX_HEADER = YES;
				GCC_PREFIX_HEADER = "NUSurveyor/NUSurveyor-Prefix.pch";
				INFOPLIST_FILE = "NUSurveyorTests/NUSurveyorTests-Info.plist";
				OTHER_LDFLAGS = (
					"-ObjC",
					"-all_load",
				);
				PRODUCT_NAME = "$(TARGET_NAME)";
				WRAPPER_EXTENSION = octest;
			};
			name = Debug;
		};
		3BD52ACA14C8B43500AB61E8 /* Release */ = {
			isa = XCBuildConfiguration;
			buildSettings = {
				FRAMEWORK_SEARCH_PATHS = (
					"$(SDKROOT)/Developer/Library/Frameworks",
					"$(DEVELOPER_LIBRARY_DIR)/Frameworks",
				);
				GCC_PRECOMPILE_PREFIX_HEADER = YES;
				GCC_PREFIX_HEADER = "NUSurveyor/NUSurveyor-Prefix.pch";
				INFOPLIST_FILE = "NUSurveyorTests/NUSurveyorTests-Info.plist";
				OTHER_LDFLAGS = (
					"-ObjC",
					"-all_load",
				);
				PRODUCT_NAME = "$(TARGET_NAME)";
				WRAPPER_EXTENSION = octest;
			};
			name = Release;
		};
		67DB49CD14D09454009CC8C3 /* Debug */ = {
			isa = XCBuildConfiguration;
			buildSettings = {
				"CODE_SIGN_IDENTITY[sdk=iphoneos*]" = "iPhone Developer";
				GCC_PRECOMPILE_PREFIX_HEADER = YES;
				GCC_PREFIX_HEADER = "NUSurveyorExample/NUSurveyorExample-Prefix.pch";
				INFOPLIST_FILE = "NUSurveyorExample/NUSurveyorExample-Info.plist";
				OTHER_LDFLAGS = (
					"-all_load",
					"-ObjC",
				);
				PRODUCT_NAME = "$(TARGET_NAME)";
				TARGETED_DEVICE_FAMILY = "1,2";
				USER_HEADER_SEARCH_PATHS = "$(BUILT_PRODUCTS_DIR)/**";
				WRAPPER_EXTENSION = app;
			};
			name = Debug;
		};
		67DB49CE14D09454009CC8C3 /* Release */ = {
			isa = XCBuildConfiguration;
			buildSettings = {
				"CODE_SIGN_IDENTITY[sdk=iphoneos*]" = "iPhone Developer";
				GCC_PRECOMPILE_PREFIX_HEADER = YES;
				GCC_PREFIX_HEADER = "NUSurveyorExample/NUSurveyorExample-Prefix.pch";
				INFOPLIST_FILE = "NUSurveyorExample/NUSurveyorExample-Info.plist";
				OTHER_CFLAGS = "-DNS_BLOCK_ASSERTIONS=1";
				OTHER_LDFLAGS = (
					"-all_load",
					"-ObjC",
				);
				PRODUCT_NAME = "$(TARGET_NAME)";
				TARGETED_DEVICE_FAMILY = "1,2";
				USER_HEADER_SEARCH_PATHS = "$(BUILT_PRODUCTS_DIR)/**";
				WRAPPER_EXTENSION = app;
			};
			name = Release;
		};
		67DB4A0114D09E8C009CC8C3 /* Debug */ = {
			isa = XCBuildConfiguration;
			buildSettings = {
				"CODE_SIGN_IDENTITY[sdk=iphoneos*]" = "iPhone Developer";
				GCC_PRECOMPILE_PREFIX_HEADER = YES;
				GCC_PREFIX_HEADER = "NUSurveyorExample/NUSurveyorExample-Prefix.pch";
				INFOPLIST_FILE = "NUSurveyorExample copy-Info.plist";
				LIBRARY_SEARCH_PATHS = (
					"$(inherited)",
					"\"$(SRCROOT)/Frank\"",
				);
				OTHER_LDFLAGS = (
					"-all_load",
					"-ObjC",
				);
				PRODUCT_NAME = "NUSurveyorExample copy";
				TARGETED_DEVICE_FAMILY = "1,2";
				USER_HEADER_SEARCH_PATHS = "$(BUILT_PRODUCTS_DIR)/**";
				WRAPPER_EXTENSION = app;
			};
			name = Debug;
		};
		67DB4A0214D09E8C009CC8C3 /* Release */ = {
			isa = XCBuildConfiguration;
			buildSettings = {
				"CODE_SIGN_IDENTITY[sdk=iphoneos*]" = "iPhone Developer";
				GCC_PRECOMPILE_PREFIX_HEADER = YES;
				GCC_PREFIX_HEADER = "NUSurveyorExample/NUSurveyorExample-Prefix.pch";
				INFOPLIST_FILE = "NUSurveyorExample copy-Info.plist";
				LIBRARY_SEARCH_PATHS = (
					"$(inherited)",
					"\"$(SRCROOT)/Frank\"",
				);
				OTHER_CFLAGS = "-DNS_BLOCK_ASSERTIONS=1";
				OTHER_LDFLAGS = (
					"-all_load",
					"-ObjC",
				);
				PRODUCT_NAME = "NUSurveyorExample copy";
				TARGETED_DEVICE_FAMILY = "1,2";
				USER_HEADER_SEARCH_PATHS = "$(BUILT_PRODUCTS_DIR)/**";
				WRAPPER_EXTENSION = app;
			};
			name = Release;
		};
/* End XCBuildConfiguration section */

/* Begin XCConfigurationList section */
		3BD52A9B14C8B43400AB61E8 /* Build configuration list for PBXProject "NUSurveyor" */ = {
			isa = XCConfigurationList;
			buildConfigurations = (
				3BD52AC314C8B43500AB61E8 /* Debug */,
				3BD52AC414C8B43500AB61E8 /* Release */,
			);
			defaultConfigurationIsVisible = 0;
			defaultConfigurationName = Release;
		};
		3BD52AC514C8B43500AB61E8 /* Build configuration list for PBXNativeTarget "NUSurveyor" */ = {
			isa = XCConfigurationList;
			buildConfigurations = (
				3BD52AC614C8B43500AB61E8 /* Debug */,
				3BD52AC714C8B43500AB61E8 /* Release */,
			);
			defaultConfigurationIsVisible = 0;
			defaultConfigurationName = Release;
		};
		3BD52AC814C8B43500AB61E8 /* Build configuration list for PBXNativeTarget "NUSurveyorTests" */ = {
			isa = XCConfigurationList;
			buildConfigurations = (
				3BD52AC914C8B43500AB61E8 /* Debug */,
				3BD52ACA14C8B43500AB61E8 /* Release */,
			);
			defaultConfigurationIsVisible = 0;
			defaultConfigurationName = Release;
		};
		67DB49CC14D09454009CC8C3 /* Build configuration list for PBXNativeTarget "NUSurveyorExample" */ = {
			isa = XCConfigurationList;
			buildConfigurations = (
				67DB49CD14D09454009CC8C3 /* Debug */,
				67DB49CE14D09454009CC8C3 /* Release */,
			);
			defaultConfigurationIsVisible = 0;
			defaultConfigurationName = Release;
		};
		67DB4A0014D09E8C009CC8C3 /* Build configuration list for PBXNativeTarget "NUSurveyorExample Frankified" */ = {
			isa = XCConfigurationList;
			buildConfigurations = (
				67DB4A0114D09E8C009CC8C3 /* Debug */,
				67DB4A0214D09E8C009CC8C3 /* Release */,
			);
			defaultConfigurationIsVisible = 0;
			defaultConfigurationName = Release;
		};
/* End XCConfigurationList section */
	};
	rootObject = 3BD52A9814C8B43400AB61E8 /* Project object */;
}
